// !$*UTF8*$!
{
	archiveVersion = 1;
	classes = {
	};
	objectVersion = 46;
	objects = {

/* Begin PBXBuildFile section */
		8404CA9519A37B5400B97E33 /* Foundation.framework in Frameworks */ = {isa = PBXBuildFile; fileRef = 8404CA9419A37B5400B97E33 /* Foundation.framework */; };
		8404CA9719A37B5400B97E33 /* CoreGraphics.framework in Frameworks */ = {isa = PBXBuildFile; fileRef = 8404CA9619A37B5400B97E33 /* CoreGraphics.framework */; };
		8404CA9919A37B5400B97E33 /* UIKit.framework in Frameworks */ = {isa = PBXBuildFile; fileRef = 8404CA9819A37B5400B97E33 /* UIKit.framework */; };
		8404CA9F19A37B5400B97E33 /* InfoPlist.strings in Resources */ = {isa = PBXBuildFile; fileRef = 8404CA9D19A37B5400B97E33 /* InfoPlist.strings */; };
		8404CAA119A37B5400B97E33 /* main.m in Sources */ = {isa = PBXBuildFile; fileRef = 8404CAA019A37B5400B97E33 /* main.m */; };
		8404CAA519A37B5400B97E33 /* AppDelegate.m in Sources */ = {isa = PBXBuildFile; fileRef = 8404CAA419A37B5400B97E33 /* AppDelegate.m */; };
		8404CAA719A37B5400B97E33 /* Images.xcassets in Resources */ = {isa = PBXBuildFile; fileRef = 8404CAA619A37B5400B97E33 /* Images.xcassets */; };
		8404CAAE19A37B5400B97E33 /* XCTest.framework in Frameworks */ = {isa = PBXBuildFile; fileRef = 8404CAAD19A37B5400B97E33 /* XCTest.framework */; };
		8404CAAF19A37B5400B97E33 /* Foundation.framework in Frameworks */ = {isa = PBXBuildFile; fileRef = 8404CA9419A37B5400B97E33 /* Foundation.framework */; };
		8404CAB019A37B5400B97E33 /* UIKit.framework in Frameworks */ = {isa = PBXBuildFile; fileRef = 8404CA9819A37B5400B97E33 /* UIKit.framework */; };
		8404CAB819A37B5400B97E33 /* InfoPlist.strings in Resources */ = {isa = PBXBuildFile; fileRef = 8404CAB619A37B5400B97E33 /* InfoPlist.strings */; };
		8404CABA19A37B5400B97E33 /* CategoryClassTests.m in Sources */ = {isa = PBXBuildFile; fileRef = 8404CAB919A37B5400B97E33 /* CategoryClassTests.m */; };
		8404CAC519A37B6C00B97E33 /* DateUtil.m in Sources */ = {isa = PBXBuildFile; fileRef = 8404CAC419A37B6C00B97E33 /* DateUtil.m */; };
		8404CAC819A37CBE00B97E33 /* MainViewController.m in Sources */ = {isa = PBXBuildFile; fileRef = 8404CAC719A37CBE00B97E33 /* MainViewController.m */; };
		846C86A719AC66280032965A /* HttpRequest.m in Sources */ = {isa = PBXBuildFile; fileRef = 846C86A619AC66280032965A /* HttpRequest.m */; };
		846C86AB19AC69280032965A /* LoginViewController.m in Sources */ = {isa = PBXBuildFile; fileRef = 846C86AA19AC69280032965A /* LoginViewController.m */; };
/* End PBXBuildFile section */

/* Begin PBXContainerItemProxy section */
		8404CAB119A37B5400B97E33 /* PBXContainerItemProxy */ = {
			isa = PBXContainerItemProxy;
			containerPortal = 8404CA8919A37B5400B97E33 /* Project object */;
			proxyType = 1;
			remoteGlobalIDString = 8404CA9019A37B5400B97E33;
			remoteInfo = CategoryClass;
		};
/* End PBXContainerItemProxy section */

/* Begin PBXFileReference section */
		8404CA9119A37B5400B97E33 /* CategoryClass.app */ = {isa = PBXFileReference; explicitFileType = wrapper.application; includeInIndex = 0; path = CategoryClass.app; sourceTree = BUILT_PRODUCTS_DIR; };
		8404CA9419A37B5400B97E33 /* Foundation.framework */ = {isa = PBXFileReference; lastKnownFileType = wrapper.framework; name = Foundation.framework; path = System/Library/Frameworks/Foundation.framework; sourceTree = SDKROOT; };
		8404CA9619A37B5400B97E33 /* CoreGraphics.framework */ = {isa = PBXFileReference; lastKnownFileType = wrapper.framework; name = CoreGraphics.framework; path = System/Library/Frameworks/CoreGraphics.framework; sourceTree = SDKROOT; };
		8404CA9819A37B5400B97E33 /* UIKit.framework */ = {isa = PBXFileReference; lastKnownFileType = wrapper.framework; name = UIKit.framework; path = System/Library/Frameworks/UIKit.framework; sourceTree = SDKROOT; };
		8404CA9C19A37B5400B97E33 /* CategoryClass-Info.plist */ = {isa = PBXFileReference; lastKnownFileType = text.plist.xml; path = "CategoryClass-Info.plist"; sourceTree = "<group>"; };
		8404CA9E19A37B5400B97E33 /* en */ = {isa = PBXFileReference; lastKnownFileType = text.plist.strings; name = en; path = en.lproj/InfoPlist.strings; sourceTree = "<group>"; };
		8404CAA019A37B5400B97E33 /* main.m */ = {isa = PBXFileReference; lastKnownFileType = sourcecode.c.objc; path = main.m; sourceTree = "<group>"; };
		8404CAA219A37B5400B97E33 /* CategoryClass-Prefix.pch */ = {isa = PBXFileReference; lastKnownFileType = sourcecode.c.h; path = "CategoryClass-Prefix.pch"; sourceTree = "<group>"; };
		8404CAA319A37B5400B97E33 /* AppDelegate.h */ = {isa = PBXFileReference; lastKnownFileType = sourcecode.c.h; path = AppDelegate.h; sourceTree = "<group>"; };
		8404CAA419A37B5400B97E33 /* AppDelegate.m */ = {isa = PBXFileReference; lastKnownFileType = sourcecode.c.objc; path = AppDelegate.m; sourceTree = "<group>"; };
		8404CAA619A37B5400B97E33 /* Images.xcassets */ = {isa = PBXFileReference; lastKnownFileType = folder.assetcatalog; path = Images.xcassets; sourceTree = "<group>"; };
		8404CAAC19A37B5400B97E33 /* CategoryClassTests.xctest */ = {isa = PBXFileReference; explicitFileType = wrapper.cfbundle; includeInIndex = 0; path = CategoryClassTests.xctest; sourceTree = BUILT_PRODUCTS_DIR; };
		8404CAAD19A37B5400B97E33 /* XCTest.framework */ = {isa = PBXFileReference; lastKnownFileType = wrapper.framework; name = XCTest.framework; path = Library/Frameworks/XCTest.framework; sourceTree = DEVELOPER_DIR; };
		8404CAB519A37B5400B97E33 /* CategoryClassTests-Info.plist */ = {isa = PBXFileReference; lastKnownFileType = text.plist.xml; path = "CategoryClassTests-Info.plist"; sourceTree = "<group>"; };
		8404CAB719A37B5400B97E33 /* en */ = {isa = PBXFileReference; lastKnownFileType = text.plist.strings; name = en; path = en.lproj/InfoPlist.strings; sourceTree = "<group>"; };
		8404CAB919A37B5400B97E33 /* CategoryClassTests.m */ = {isa = PBXFileReference; lastKnownFileType = sourcecode.c.objc; path = CategoryClassTests.m; sourceTree = "<group>"; };
		8404CAC319A37B6C00B97E33 /* DateUtil.h */ = {isa = PBXFileReference; fileEncoding = 4; lastKnownFileType = sourcecode.c.h; path = DateUtil.h; sourceTree = "<group>"; };
		8404CAC419A37B6C00B97E33 /* DateUtil.m */ = {isa = PBXFileReference; fileEncoding = 4; lastKnownFileType = sourcecode.c.objc; path = DateUtil.m; sourceTree = "<group>"; };
		8404CAC619A37CBE00B97E33 /* MainViewController.h */ = {isa = PBXFileReference; fileEncoding = 4; lastKnownFileType = sourcecode.c.h; path = MainViewController.h; sourceTree = "<group>"; };
		8404CAC719A37CBE00B97E33 /* MainViewController.m */ = {isa = PBXFileReference; fileEncoding = 4; lastKnownFileType = sourcecode.c.objc; path = MainViewController.m; sourceTree = "<group>"; };
		846C86A519AC66280032965A /* HttpRequest.h */ = {isa = PBXFileReference; fileEncoding = 4; lastKnownFileType = sourcecode.c.h; path = HttpRequest.h; sourceTree = "<group>"; };
		846C86A619AC66280032965A /* HttpRequest.m */ = {isa = PBXFileReference; fileEncoding = 4; lastKnownFileType = sourcecode.c.objc; path = HttpRequest.m; sourceTree = "<group>"; };
		846C86A919AC69280032965A /* LoginViewController.h */ = {isa = PBXFileReference; fileEncoding = 4; lastKnownFileType = sourcecode.c.h; path = LoginViewController.h; sourceTree = "<group>"; };
		846C86AA19AC69280032965A /* LoginViewController.m */ = {isa = PBXFileReference; fileEncoding = 4; lastKnownFileType = sourcecode.c.objc; path = LoginViewController.m; sourceTree = "<group>"; };
/* End PBXFileReference section */

/* Begin PBXFrameworksBuildPhase section */
		8404CA8E19A37B5400B97E33 /* Frameworks */ = {
			isa = PBXFrameworksBuildPhase;
			buildActionMask = 2147483647;
			files = (
				8404CA9719A37B5400B97E33 /* CoreGraphics.framework in Frameworks */,
				8404CA9919A37B5400B97E33 /* UIKit.framework in Frameworks */,
				8404CA9519A37B5400B97E33 /* Foundation.framework in Frameworks */,
			);
			runOnlyForDeploymentPostprocessing = 0;
		};
		8404CAA919A37B5400B97E33 /* Frameworks */ = {
			isa = PBXFrameworksBuildPhase;
			buildActionMask = 2147483647;
			files = (
				8404CAAE19A37B5400B97E33 /* XCTest.framework in Frameworks */,
				8404CAB019A37B5400B97E33 /* UIKit.framework in Frameworks */,
				8404CAAF19A37B5400B97E33 /* Foundation.framework in Frameworks */,
			);
			runOnlyForDeploymentPostprocessing = 0;
		};
/* End PBXFrameworksBuildPhase section */

/* Begin PBXGroup section */
		8404CA8819A37B5400B97E33 = {
			isa = PBXGroup;
			children = (
				8404CA9A19A37B5400B97E33 /* CategoryClass */,
				8404CAB319A37B5400B97E33 /* CategoryClassTests */,
				8404CA9319A37B5400B97E33 /* Frameworks */,
				8404CA9219A37B5400B97E33 /* Products */,
			);
			sourceTree = "<group>";
		};
		8404CA9219A37B5400B97E33 /* Products */ = {
			isa = PBXGroup;
			children = (
				8404CA9119A37B5400B97E33 /* CategoryClass.app */,
				8404CAAC19A37B5400B97E33 /* CategoryClassTests.xctest */,
			);
			name = Products;
			sourceTree = "<group>";
		};
		8404CA9319A37B5400B97E33 /* Frameworks */ = {
			isa = PBXGroup;
			children = (
				8404CA9419A37B5400B97E33 /* Foundation.framework */,
				8404CA9619A37B5400B97E33 /* CoreGraphics.framework */,
				8404CA9819A37B5400B97E33 /* UIKit.framework */,
				8404CAAD19A37B5400B97E33 /* XCTest.framework */,
			);
			name = Frameworks;
			sourceTree = "<group>";
		};
		8404CA9A19A37B5400B97E33 /* CategoryClass */ = {
			isa = PBXGroup;
			children = (
				846C86A819AC69130032965A /* login */,
				846C86A419AC66280032965A /* http */,
				8404CAC319A37B6C00B97E33 /* DateUtil.h */,
				8404CAC419A37B6C00B97E33 /* DateUtil.m */,
				8404CAA319A37B5400B97E33 /* AppDelegate.h */,
				8404CAA419A37B5400B97E33 /* AppDelegate.m */,
				8404CAA619A37B5400B97E33 /* Images.xcassets */,
				8404CA9B19A37B5400B97E33 /* Supporting Files */,
				8404CAC619A37CBE00B97E33 /* MainViewController.h */,
				8404CAC719A37CBE00B97E33 /* MainViewController.m */,
			);
			path = CategoryClass;
			sourceTree = "<group>";
		};
		8404CA9B19A37B5400B97E33 /* Supporting Files */ = {
			isa = PBXGroup;
			children = (
				8404CA9C19A37B5400B97E33 /* CategoryClass-Info.plist */,
				8404CA9D19A37B5400B97E33 /* InfoPlist.strings */,
				8404CAA019A37B5400B97E33 /* main.m */,
				8404CAA219A37B5400B97E33 /* CategoryClass-Prefix.pch */,
			);
			name = "Supporting Files";
			sourceTree = "<group>";
		};
		8404CAB319A37B5400B97E33 /* CategoryClassTests */ = {
			isa = PBXGroup;
			children = (
				8404CAB919A37B5400B97E33 /* CategoryClassTests.m */,
				8404CAB419A37B5400B97E33 /* Supporting Files */,
			);
			path = CategoryClassTests;
			sourceTree = "<group>";
		};
		8404CAB419A37B5400B97E33 /* Supporting Files */ = {
			isa = PBXGroup;
			children = (
				8404CAB519A37B5400B97E33 /* CategoryClassTests-Info.plist */,
				8404CAB619A37B5400B97E33 /* InfoPlist.strings */,
			);
			name = "Supporting Files";
			sourceTree = "<group>";
		};
		846C86A419AC66280032965A /* http */ = {
			isa = PBXGroup;
			children = (
				846C86A519AC66280032965A /* HttpRequest.h */,
				846C86A619AC66280032965A /* HttpRequest.m */,
			);
			path = http;
			sourceTree = SOURCE_ROOT;
		};
		846C86A819AC69130032965A /* login */ = {
			isa = PBXGroup;
			children = (
				846C86A919AC69280032965A /* LoginViewController.h */,
				846C86AA19AC69280032965A /* LoginViewController.m */,
			);
			path = login;
			sourceTree = SOURCE_ROOT;
		};
/* End PBXGroup section */

/* Begin PBXNativeTarget section */
		8404CA9019A37B5400B97E33 /* CategoryClass */ = {
			isa = PBXNativeTarget;
			buildConfigurationList = 8404CABD19A37B5400B97E33 /* Build configuration list for PBXNativeTarget "CategoryClass" */;
			buildPhases = (
				8404CA8D19A37B5400B97E33 /* Sources */,
				8404CA8E19A37B5400B97E33 /* Frameworks */,
				8404CA8F19A37B5400B97E33 /* Resources */,
			);
			buildRules = (
			);
			dependencies = (
			);
			name = CategoryClass;
			productName = CategoryClass;
			productReference = 8404CA9119A37B5400B97E33 /* CategoryClass.app */;
			productType = "com.apple.product-type.application";
		};
		8404CAAB19A37B5400B97E33 /* CategoryClassTests */ = {
			isa = PBXNativeTarget;
			buildConfigurationList = 8404CAC019A37B5400B97E33 /* Build configuration list for PBXNativeTarget "CategoryClassTests" */;
			buildPhases = (
				8404CAA819A37B5400B97E33 /* Sources */,
				8404CAA919A37B5400B97E33 /* Frameworks */,
				8404CAAA19A37B5400B97E33 /* Resources */,
			);
			buildRules = (
			);
			dependencies = (
				8404CAB219A37B5400B97E33 /* PBXTargetDependency */,
			);
			name = CategoryClassTests;
			productName = CategoryClassTests;
			productReference = 8404CAAC19A37B5400B97E33 /* CategoryClassTests.xctest */;
			productType = "com.apple.product-type.bundle.unit-test";
		};
/* End PBXNativeTarget section */

/* Begin PBXProject section */
		8404CA8919A37B5400B97E33 /* Project object */ = {
			isa = PBXProject;
			attributes = {
				LastUpgradeCheck = 0510;
				ORGANIZATIONNAME = ccguo;
				TargetAttributes = {
					8404CAAB19A37B5400B97E33 = {
						TestTargetID = 8404CA9019A37B5400B97E33;
					};
				};
			};
			buildConfigurationList = 8404CA8C19A37B5400B97E33 /* Build configuration list for PBXProject "CategoryClass" */;
			compatibilityVersion = "Xcode 3.2";
			developmentRegion = English;
			hasScannedForEncodings = 0;
			knownRegions = (
				en,
			);
			mainGroup = 8404CA8819A37B5400B97E33;
			productRefGroup = 8404CA9219A37B5400B97E33 /* Products */;
			projectDirPath = "";
			projectRoot = "";
			targets = (
				8404CA9019A37B5400B97E33 /* CategoryClass */,
				8404CAAB19A37B5400B97E33 /* CategoryClassTests */,
			);
		};
/* End PBXProject section */

/* Begin PBXResourcesBuildPhase section */
		8404CA8F19A37B5400B97E33 /* Resources */ = {
			isa = PBXResourcesBuildPhase;
			buildActionMask = 2147483647;
			files = (
				8404CA9F19A37B5400B97E33 /* InfoPlist.strings in Resources */,
				8404CAA719A37B5400B97E33 /* Images.xcassets in Resources */,
			);
			runOnlyForDeploymentPostprocessing = 0;
		};
		8404CAAA19A37B5400B97E33 /* Resources */ = {
			isa = PBXResourcesBuildPhase;
			buildActionMask = 2147483647;
			files = (
				8404CAB819A37B5400B97E33 /* InfoPlist.strings in Resources */,
			);
			runOnlyForDeploymentPostprocessing = 0;
		};
/* End PBXResourcesBuildPhase section */

/* Begin PBXSourcesBuildPhase section */
		8404CA8D19A37B5400B97E33 /* Sources */ = {
			isa = PBXSourcesBuildPhase;
			buildActionMask = 2147483647;
			files = (
				8404CAC519A37B6C00B97E33 /* DateUtil.m in Sources */,
				8404CAA519A37B5400B97E33 /* AppDelegate.m in Sources */,
				846C86AB19AC69280032965A /* LoginViewController.m in Sources */,
				8404CAA119A37B5400B97E33 /* main.m in Sources */,
				846C86A719AC66280032965A /* HttpRequest.m in Sources */,
				8404CAC819A37CBE00B97E33 /* MainViewController.m in Sources */,
			);
			runOnlyForDeploymentPostprocessing = 0;
		};
		8404CAA819A37B5400B97E33 /* Sources */ = {
			isa = PBXSourcesBuildPhase;
			buildActionMask = 2147483647;
			files = (
				8404CABA19A37B5400B97E33 /* CategoryClassTests.m in Sources */,
			);
			runOnlyForDeploymentPostprocessing = 0;
		};
/* End PBXSourcesBuildPhase section */

/* Begin PBXTargetDependency section */
		8404CAB219A37B5400B97E33 /* PBXTargetDependency */ = {
			isa = PBXTargetDependency;
			target = 8404CA9019A37B5400B97E33 /* CategoryClass */;
			targetProxy = 8404CAB119A37B5400B97E33 /* PBXContainerItemProxy */;
		};
/* End PBXTargetDependency section */

/* Begin PBXVariantGroup section */
		8404CA9D19A37B5400B97E33 /* InfoPlist.strings */ = {
			isa = PBXVariantGroup;
			children = (
				8404CA9E19A37B5400B97E33 /* en */,
			);
			name = InfoPlist.strings;
			sourceTree = "<group>";
		};
		8404CAB619A37B5400B97E33 /* InfoPlist.strings */ = {
			isa = PBXVariantGroup;
			children = (
				8404CAB719A37B5400B97E33 /* en */,
			);
			name = InfoPlist.strings;
			sourceTree = "<group>";
		};
/* End PBXVariantGroup section */

/* Begin XCBuildConfiguration section */
		8404CABB19A37B5400B97E33 /* Debug */ = {
			isa = XCBuildConfiguration;
			buildSettings = {
				ALWAYS_SEARCH_USER_PATHS = NO;
				CLANG_CXX_LANGUAGE_STANDARD = "gnu++0x";
				CLANG_CXX_LIBRARY = "libc++";
				CLANG_ENABLE_MODULES = YES;
				CLANG_ENABLE_OBJC_ARC = YES;
				CLANG_WARN_BOOL_CONVERSION = YES;
				CLANG_WARN_CONSTANT_CONVERSION = YES;
				CLANG_WARN_DIRECT_OBJC_ISA_USAGE = YES_ERROR;
				CLANG_WARN_EMPTY_BODY = YES;
				CLANG_WARN_ENUM_CONVERSION = YES;
				CLANG_WARN_INT_CONVERSION = YES;
				CLANG_WARN_OBJC_ROOT_CLASS = YES_ERROR;
				CLANG_WARN__DUPLICATE_METHOD_MATCH = YES;
				"CODE_SIGN_IDENTITY[sdk=iphoneos*]" = "iPhone Developer";
				COPY_PHASE_STRIP = NO;
				GCC_C_LANGUAGE_STANDARD = gnu99;
				GCC_DYNAMIC_NO_PIC = NO;
				GCC_OPTIMIZATION_LEVEL = 0;
				GCC_PREPROCESSOR_DEFINITIONS = (
					"DEBUG=1",
					"$(inherited)",
				);
				GCC_SYMBOLS_PRIVATE_EXTERN = NO;
				GCC_WARN_64_TO_32_BIT_CONVERSION = YES;
				GCC_WARN_ABOUT_RETURN_TYPE = YES_ERROR;
				GCC_WARN_UNDECLARED_SELECTOR = YES;
				GCC_WARN_UNINITIALIZED_AUTOS = YES_AGGRESSIVE;
				GCC_WARN_UNUSED_FUNCTION = YES;
				GCC_WARN_UNUSED_VARIABLE = YES;
				IPHONEOS_DEPLOYMENT_TARGET = 7.1;
				ONLY_ACTIVE_ARCH = YES;
				SDKROOT = iphoneos;
			};
			name = Debug;
		};
		8404CABC19A37B5400B97E33 /* Release */ = {
			isa = XCBuildConfiguration;
			buildSettings = {
				ALWAYS_SEARCH_USER_PATHS = NO;
				CLANG_CXX_LANGUAGE_STANDARD = "gnu++0x";
				CLANG_CXX_LIBRARY = "libc++";
				CLANG_ENABLE_MODULES = YES;
				CLANG_ENABLE_OBJC_ARC = YES;
				CLANG_WARN_BOOL_CONVERSION = YES;
				CLANG_WARN_CONSTANT_CONVERSION = YES;
				CLANG_WARN_DIRECT_OBJC_ISA_USAGE = YES_ERROR;
				CLANG_WARN_EMPTY_BODY = YES;
				CLANG_WARN_ENUM_CONVERSION = YES;
				CLANG_WARN_INT_CONVERSION = YES;
				CLANG_WARN_OBJC_ROOT_CLASS = YES_ERROR;
				CLANG_WARN__DUPLICATE_METHOD_MATCH = YES;
				"CODE_SIGN_IDENTITY[sdk=iphoneos*]" = "iPhone Developer";
				COPY_PHASE_STRIP = YES;
				ENABLE_NS_ASSERTIONS = NO;
				GCC_C_LANGUAGE_STANDARD = gnu99;
				GCC_WARN_64_TO_32_BIT_CONVERSION = YES;
				GCC_WARN_ABOUT_RETURN_TYPE = YES_ERROR;
				GCC_WARN_UNDECLARED_SELECTOR = YES;
				GCC_WARN_UNINITIALIZED_AUTOS = YES_AGGRESSIVE;
				GCC_WARN_UNUSED_FUNCTION = YES;
				GCC_WARN_UNUSED_VARIABLE = YES;
				IPHONEOS_DEPLOYMENT_TARGET = 7.1;
				SDKROOT = iphoneos;
				VALIDATE_PRODUCT = YES;
			};
			name = Release;
		};
		8404CABE19A37B5400B97E33 /* Debug */ = {
			isa = XCBuildConfiguration;
			buildSettings = {
				ASSETCATALOG_COMPILER_APPICON_NAME = AppIcon;
				ASSETCATALOG_COMPILER_LAUNCHIMAGE_NAME = LaunchImage;
				GCC_PRECOMPILE_PREFIX_HEADER = YES;
				GCC_PREFIX_HEADER = "CategoryClass/CategoryClass-Prefix.pch";
				INFOPLIST_FILE = "CategoryClass/CategoryClass-Info.plist";
				PRODUCT_NAME = "$(TARGET_NAME)";
				WRAPPER_EXTENSION = app;
			};
			name = Debug;
		};
		8404CABF19A37B5400B97E33 /* Release */ = {
			isa = XCBuildConfiguration;
			buildSettings = {
				ASSETCATALOG_COMPILER_APPICON_NAME = AppIcon;
				ASSETCATALOG_COMPILER_LAUNCHIMAGE_NAME = LaunchImage;
				GCC_PRECOMPILE_PREFIX_HEADER = YES;
				GCC_PREFIX_HEADER = "CategoryClass/CategoryClass-Prefix.pch";
				INFOPLIST_FILE = "CategoryClass/CategoryClass-Info.plist";
				PRODUCT_NAME = "$(TARGET_NAME)";
				WRAPPER_EXTENSION = app;
			};
			name = Release;
		};
		8404CAC119A37B5400B97E33 /* Debug */ = {
			isa = XCBuildConfiguration;
			buildSettings = {
				BUNDLE_LOADER = "$(BUILT_PRODUCTS_DIR)/CategoryClass.app/CategoryClass";
				FRAMEWORK_SEARCH_PATHS = (
					"$(SDKROOT)/Developer/Library/Frameworks",
					"$(inherited)",
					"$(DEVELOPER_FRAMEWORKS_DIR)",
				);
				GCC_PRECOMPILE_PREFIX_HEADER = YES;
				GCC_PREFIX_HEADER = "CategoryClass/CategoryClass-Prefix.pch";
				GCC_PREPROCESSOR_DEFINITIONS = (
					"DEBUG=1",
					"$(inherited)",
				);
				INFOPLIST_FILE = "CategoryClassTests/CategoryClassTests-Info.plist";
				PRODUCT_NAME = "$(TARGET_NAME)";
				TEST_HOST = "$(BUNDLE_LOADER)";
				WRAPPER_EXTENSION = xctest;
			};
			name = Debug;
		};
		8404CAC219A37B5400B97E33 /* Release */ = {
			isa = XCBuildConfiguration;
			buildSettings = {
				BUNDLE_LOADER = "$(BUILT_PRODUCTS_DIR)/CategoryClass.app/CategoryClass";
				FRAMEWORK_SEARCH_PATHS = (
					"$(SDKROOT)/Developer/Library/Frameworks",
					"$(inherited)",
					"$(DEVELOPER_FRAMEWORKS_DIR)",
				);
				GCC_PRECOMPILE_PREFIX_HEADER = YES;
				GCC_PREFIX_HEADER = "CategoryClass/CategoryClass-Prefix.pch";
				INFOPLIST_FILE = "CategoryClassTests/CategoryClassTests-Info.plist";
				PRODUCT_NAME = "$(TARGET_NAME)";
				TEST_HOST = "$(BUNDLE_LOADER)";
				WRAPPER_EXTENSION = xctest;
			};
			name = Release;
		};
/* End XCBuildConfiguration section */

/* Begin XCConfigurationList section */
		8404CA8C19A37B5400B97E33 /* Build configuration list for PBXProject "CategoryClass" */ = {
			isa = XCConfigurationList;
			buildConfigurations = (
				8404CABB19A37B5400B97E33 /* Debug */,
				8404CABC19A37B5400B97E33 /* Release */,
			);
			defaultConfigurationIsVisible = 0;
			defaultConfigurationName = Release;
		};
		8404CABD19A37B5400B97E33 /* Build configuration list for PBXNativeTarget "CategoryClass" */ = {
			isa = XCConfigurationList;
			buildConfigurations = (
				8404CABE19A37B5400B97E33 /* Debug */,
				8404CABF19A37B5400B97E33 /* Release */,
			);
			defaultConfigurationIsVisible = 0;
			defaultConfigurationName = Release;
		};
		8404CAC019A37B5400B97E33 /* Build configuration list for PBXNativeTarget "CategoryClassTests" */ = {
			isa = XCConfigurationList;
			buildConfigurations = (
				8404CAC119A37B5400B97E33 /* Debug */,
				8404CAC219A37B5400B97E33 /* Release */,
			);
			defaultConfigurationIsVisible = 0;
			defaultConfigurationName = Release;
		};
/* End XCConfigurationList section */
	};
	rootObject = 8404CA8919A37B5400B97E33 /* Project object */;
}
